github.com/echo-webkom/cenv v1.15.0 h1:fcdmWKuhfxvg5VRwHB82UFqlNTiFgsFhqrp/iNImZBg=
github.com/echo-webkom/cenv v1.15.0/go.mod h1:qCDFjnypg03McDVq+xBfQKnAAa5FAOI9F4RuTPau7sA=
github.com/go-chi/chi v1.5.5 h1:vOB/HbEMt9QqBqErz07QehcOKHaWFtuj87tTDVz2qXE=
github.com/go-chi/chi v1.5.5/go.mod h1:C9JqLr3tIYjDOZpzn+BCuxY8z8vmca43EeMgyZt7irw=
github.com/go-chi/chi/v5 v5.2.3 h1:WQIt9uxdsAbgIYgid+BpYc+liqQZGMHRaUwp0JUcvdE=
github.com/go-chi/chi/v5 v5.2.3/go.mod h1:L2yAIGWB3H+phAw1NxKwWM+7eUH/lU8pOMm5hHcoops=
github.com/go-chi/cors v1.2.2 h1:Jmey33TE+b+rB7fT8MUy1u0I4L+NARQlK6LhzKPSyQE=
github.com/go-chi/cors v1.2.2/go.mod h1:sSbTewc+6wYHBBCW7ytsFSn836hqM7JxpglAy2Vzc58=
github.com/jesperkha/gokenizer v1.1.1 h1:ZCKrsPBQqcXvCcMfL7kEPTDCCU1iinRtTqpF0koADe0=
github.com/jesperkha/gokenizer v1.1.1/go.mod h1:I9umBgWNkYZEUv255HFQOf4Q7Ao70uaFs9fyYFWrYjU=
github.com/jesperkha/notifier v1.0.0 h1:yMuLeMPtZ893xohJAwC1IRVepQG7Yn0VbvKyZrNf2DE=
github.com/jesperkha/notifier v1.0.0/go.mod h1:EDDeOr64fV42vUXuP3/YOJVewd33nnOhSG1IyHJK3i4=
github.com/joho/godotenv v1.5.1 h1:7eLL/+HRGLY0ldzfGMeQkb7vMd0as4CfYvUVzLqw0N0=
github.com/joho/godotenv v1.5.1/go.mod h1:f4LDr5Voq0i2e/R5DDNOoa2zzDfwtkZa6DnEwAbqwq4=
github.com/pkg/errors v0.9.1 h1:FEBLx1zS214owpjy7qsBeixbURkuhQAwrK5UwLGTwt4=
github.com/pkg/errors v0.9.1/go.mod h1:bwawxfHBFNV+L2hUp1rHADufV3IMtnDRdf1r5NINEl0=
github.com/pressly/goose v2.7.0+incompatible h1:PWejVEv07LCerQEzMMeAtjuyCKbyprZ/LBa6K5P0OCQ=
github.com/pressly/goose v2.7.0+incompatible/go.mod h1:m+QHWCqxR3k8D9l7qfzuC/djtlfzxr34mozWDYEu1z8=
